{
    "_readme": [
        "This file locks the dependencies of your project to a known state",
        "Read more about it at https://getcomposer.org/doc/01-basic-usage.md#installing-dependencies",
        "This file is @generated automatically"
    ],
    "content-hash": "0d18cc2e85a7db16accd40a95c7da55d",
    "packages": [
        {
            "name": "b3none/php-cache",
            "version": "1.0.0",
            "source": {
                "type": "git",
                "url": "https://github.com/b3none/php-cache.git",
                "reference": "2dc069304b773f5792f6f567b8a113a423f20a3c"
            },
            "dist": {
                "type": "zip",
                "url": "https://api.github.com/repos/b3none/php-cache/zipball/2dc069304b773f5792f6f567b8a113a423f20a3c",
                "reference": "2dc069304b773f5792f6f567b8a113a423f20a3c",
                "shasum": ""
            },
            "type": "library",
            "autoload": {
                "psr-4": {
                    "B3none\\Cache\\": "src/"
                }
            },
            "notification-url": "https://packagist.org/downloads/",
            "authors": [
                {
                    "name": "b3none",
                    "email": "ablackham2000@gmail.com"
                }
            ],
            "description": "A super simple PHP caching layer.",
            "time": "2018-07-17T21:25:39+00:00"
        }
    ],
    "packages-dev": [],
    "aliases": [],
    "minimum-stability": "stable",
    "stability-flags": [],
    "prefer-stable": false,
    "prefer-lowest": false,
    "platform": [],
    "platform-dev": []
}
